#Copyright (c) 2026 STMicroelectronics. All rights reserved.
#MicroXplorer Configuration settings - do not modify
CAD.formats=
CAD.pinconfig=
CAD.provider=
CORTEX_M33_NS.userName=CORTEX_M33
CortexM33NS.IPs=CORTEX_M33_NS\:I,GTZC_NS\:I,LINKEDLIST,LPDMA1,RCC\:I,RTC,TAMP,SYS\:I,GPIO\:I,NVIC2\:I,DAC1\:I,COMP1\:I,LCSC\:I,USART1\:I,TSC\:I,PWR
CortexM33NS.Pins=PC15,PC13,PD2
CortexM33S.IPs=CORTEX_M33_S\:I,GTZC_S\:I,LINKEDLIST\:I,LPDMA1\:I,RCC,RTC\:I,TAMP\:I,SYS_S\:I,GPIO,NVIC1\:I,DEBUG\:I,ICACHE\:I,PWR\:I
File.Version=6
GPIO.groupedBy=Group By Peripherals
GTZC_S.IPParameters=MPCBB0_SecConfig_array
GTZC_S.MPCBB0_SecConfig_array=FFFFFFFF\:FFFFFFFF\:00000000\:00000000
KeepUserPlacement=false
Mcu.CPN=STM32WL43REV6
Mcu.Context0=CortexM33S
Mcu.Context1=CortexM33NS
Mcu.ContextNb=2
Mcu.ContextProject=TrustZoneEnabled
Mcu.Family=STM32WL4
Mcu.IP0=COMP1
Mcu.IP1=CORTEX_M33_NS
Mcu.IP10=PWR
Mcu.IP11=RCC
Mcu.IP12=SYS
Mcu.IP13=SYS_S
Mcu.IP14=TSC
Mcu.IP15=USART1
Mcu.IP2=CORTEX_M33_S
Mcu.IP3=DAC1
Mcu.IP4=DEBUG
Mcu.IP5=GTZC_S
Mcu.IP6=ICACHE
Mcu.IP7=LCSC
Mcu.IP8=NVIC2
Mcu.IP9=NVIC1
Mcu.IPNb=16
Mcu.Name=STM32WL43REVx
Mcu.Package=VFQFPN68
Mcu.Pin0=PA3
Mcu.Pin1=PB4
Mcu.Pin10=PB8
Mcu.Pin11=PA12
Mcu.Pin12=PA14
Mcu.Pin13=PD0
Mcu.Pin14=PD1
Mcu.Pin15=PD2
Mcu.Pin16=PA15
Mcu.Pin17=PB2
Mcu.Pin18=PA2
Mcu.Pin19=VP_COMP1_VS_DACOUT1
Mcu.Pin2=PC0
Mcu.Pin20=VP_CORTEX_M33_NS_VS_Hclk
Mcu.Pin21=VP_CORTEX_M33_S_VS_Hclk
Mcu.Pin22=VP_DAC1_VS_DACI1
Mcu.Pin23=VP_GTZC_S_VS_GTZC_Enable
Mcu.Pin24=VP_ICACHE_VS_ICACHE
Mcu.Pin25=VP_ICACHE_VS_SECURE_ICACHE_REG
Mcu.Pin26=VP_LCSC_VS_LCSC
Mcu.Pin27=VP_PWR_VS_SECSignals
Mcu.Pin28=VP_SYS_VS_Systick
Mcu.Pin29=VP_SYS_S_VS_Systick
Mcu.Pin3=PC15
Mcu.Pin4=PB12
Mcu.Pin5=PB13
Mcu.Pin6=OSC_OUT
Mcu.Pin7=OSC_IN
Mcu.Pin8=PA1
Mcu.Pin9=PC13
Mcu.PinsNb=30
Mcu.ThirdPartyNb=0
Mcu.UserConstants=
Mcu.UserName=STM32WL43REVx
MxCube.Version=6.18.0
MxDb.Version=DB.6.0.180
NVIC1.BFHFNMINS=0
NVIC1.BusFault_IRQn=true\:0\:0\:false\:false\:true\:false\:false\:false
NVIC1.DebugMonitor_IRQn=true\:0\:0\:false\:false\:true\:false\:false\:false
NVIC1.ForceEnableDMAVector=true
NVIC1.HardFault_IRQn=true\:0\:0\:false\:false\:true\:false\:false\:false
NVIC1.MemoryManagement_IRQn=true\:0\:0\:false\:false\:true\:false\:false\:false
NVIC1.NonMaskableInt_IRQn=true\:0\:0\:false\:false\:true\:false\:false\:false
NVIC1.PRIS=0
NVIC1.PendSV_IRQn=true\:0\:0\:false\:false\:true\:false\:false\:false
NVIC1.PriorityGroup=NVIC_PRIORITYGROUP_4
NVIC1.SVCall_IRQn=true\:0\:0\:false\:false\:true\:false\:false\:false
NVIC1.SecureFault_IRQn=true\:0\:0\:false\:false\:true\:false\:false\:false
NVIC1.SysTick_IRQn=true\:15\:0\:false\:false\:true\:false\:true\:false
NVIC1.UsageFault_IRQn=true\:0\:0\:false\:false\:true\:false\:false\:false
NVIC2.BFHFNMINS=0
NVIC2.ForceEnableDMAVector=true
NVIC2.MemoryManagement_IRQn=true\:0\:0\:false\:false\:true\:false\:false\:false
NVIC2.PRIS=0
NVIC2.PendSV_IRQn=true\:0\:0\:false\:false\:true\:false\:false\:false
NVIC2.PriorityGroup=NVIC_PRIORITYGROUP_4
NVIC2.SVCall_IRQn=true\:0\:0\:false\:false\:true\:false\:false\:false
NVIC2.SysTick_IRQn=true\:15\:0\:false\:false\:true\:false\:true\:false
NVIC2.UsageFault_IRQn=true\:0\:0\:false\:false\:true\:false\:false\:false
OSC_IN.GPIOParameters=PinAttribute
OSC_IN.Locked=true
OSC_IN.Mode=HSE-External-Oscillator
OSC_IN.PinAttribute=CortexM33NS
OSC_IN.Signal=RCC_OSC_IN
OSC_OUT.GPIOParameters=PinAttribute
OSC_OUT.Locked=true
OSC_OUT.Mode=HSE-External-Oscillator
OSC_OUT.PinAttribute=CortexM33NS
OSC_OUT.Signal=RCC_OSC_OUT
PA1.GPIOParameters=GPIO_Speed,GPIO_PuPd,GPIO_Label,PinAttribute
PA1.GPIO_Label=USART1_TX
PA1.GPIO_PuPd=GPIO_PULLUP
PA1.GPIO_Speed=GPIO_SPEED_FREQ_HIGH
PA1.Locked=true
PA1.Mode=Asynchronous
PA1.PinAttribute=CortexM33NS
PA1.Signal=USART1_TX
PA12.GPIOParameters=GPIO_Label,PinAttribute
PA12.GPIO_Label=LCSC_LCA1
PA12.Locked=true
PA12.Mode=LCA2_Activate
PA12.PinAttribute=CortexM33NS
PA12.Signal=LCSC_LCA2
PA14.GPIOParameters=PinAttribute
PA14.Mode=INP
PA14.PinAttribute=CortexM33NS
PA14.Signal=COMP1_INP
PA15.GPIOParameters=GPIO_Speed,GPIO_PuPd,GPIO_Label,PinAttribute
PA15.GPIO_Label=USART1_RX
PA15.GPIO_PuPd=GPIO_PULLUP
PA15.GPIO_Speed=GPIO_SPEED_FREQ_HIGH
PA15.Locked=true
PA15.Mode=Asynchronous
PA15.PinAttribute=CortexM33NS
PA15.Signal=USART1_RX
PA2.GPIOParameters=PinAttribute
PA2.Locked=true
PA2.Mode=Serial_Wire
PA2.PinAttribute=CortexM33S
PA2.Signal=DEBUG_SWDIO
PA3.GPIOParameters=PinAttribute
PA3.Locked=true
PA3.Mode=Serial_Wire
PA3.PinAttribute=CortexM33S
PA3.Signal=DEBUG_SWCLK
PB12.GPIOParameters=PinAttribute
PB12.Locked=true
PB12.Mode=LSE-External-Oscillator
PB12.PinAttribute=CortexM33NS
PB12.Signal=RCC_OSC32_OUT
PB13.GPIOParameters=PinAttribute
PB13.Locked=true
PB13.Mode=LSE-External-Oscillator
PB13.PinAttribute=CortexM33NS
PB13.Signal=RCC_OSC32_IN
PB2.GPIOParameters=GPIO_Label,PinAttribute
PB2.GPIO_Label=LCSC_LCT1
PB2.Locked=true
PB2.Mode=LCT_Activate
PB2.PinAttribute=CortexM33NS
PB2.Signal=LCSC_LCT1
PB4.GPIOParameters=PinAttribute
PB4.Locked=true
PB4.Mode=VCMBUFF_Activate
PB4.PinAttribute=CortexM33NS
PB4.Signal=DAC1_VCMBUFF
PB8.GPIOParameters=GPIO_Label,PinAttribute
PB8.GPIO_Label=LCSC_LCB2
PB8.Locked=true
PB8.Mode=LCB_Activate
PB8.PinAttribute=CortexM33NS
PB8.Signal=LCSC_LCB2
PC0.GPIOParameters=GPIO_Label,PinAttribute
PC0.GPIO_Label=LCSC_LCC2
PC0.Locked=true
PC0.Mode=LCC_Activate
PC0.PinAttribute=CortexM33NS
PC0.Signal=LCSC_LCC2
PC13.ContextOwner=CortexM33NS
PC13.GPIOParameters=GPIO_PuPd,GPIO_Label,PinAttribute
PC13.GPIO_Label=B4
PC13.GPIO_PuPd=GPIO_PULLDOWN
PC13.Locked=true
PC13.PinAttribute=CortexM33NS
PC13.Signal=GPXTI13
PC15.ContextOwner=CortexM33NS
PC15.GPIOParameters=GPIO_PuPd,GPIO_Label,PinAttribute
PC15.GPIO_Label=B5
PC15.GPIO_PuPd=GPIO_PULLDOWN
PC15.Locked=true
PC15.PinAttribute=CortexM33NS
PC15.Signal=GPXTI15
PD0.GPIOParameters=PinAttribute
PD0.Locked=true
PD0.Mode=G2_IO2-Channel
PD0.PinAttribute=CortexM33NS
PD0.Signal=TSC_G2_IO2
PD1.GPIOParameters=PinAttribute
PD1.Locked=true
PD1.Mode=G2_IO3-Sampling
PD1.PinAttribute=CortexM33NS
PD1.Signal=TSC_G2_IO3
PD2.ContextOwner=CortexM33NS
PD2.GPIOParameters=GPIO_PuPd,GPIO_Label,PinAttribute
PD2.GPIO_Label=B1
PD2.GPIO_PuPd=GPIO_PULLDOWN
PD2.Locked=true
PD2.PinAttribute=CortexM33NS
PD2.Signal=GPXTI2
PinOutPanel.RotationAngle=0
RCC.ADC1DAC2Freq_VALUE=16000000
RCC.APB0Freq_VALUE=64000000
RCC.APB1Freq_VALUE=64000000
RCC.APB2Freq_VALUE=64000000
RCC.CLKCPUFreq_VALUE=8000000
RCC.CPUFreq_VALUE=64000000
RCC.DAC2Freq_VALUE=32000
RCC.FamilyName=M
RCC.FlashFreq_VALUE=16000000
RCC.HSE_VALUE=48000000
RCC.HSI_VALUE=64000000
RCC.I2C1Freq_VALUE=16000000
RCC.I2C2Freq_VALUE=16000000
RCC.IPParameters=ADC1DAC2Freq_VALUE,APB0Freq_VALUE,APB1Freq_VALUE,APB2Freq_VALUE,CLKCPUFreq_VALUE,CPUFreq_VALUE,DAC2Freq_VALUE,FamilyName,FlashFreq_VALUE,HSE_VALUE,HSI_VALUE,I2C1Freq_VALUE,I2C2Freq_VALUE,LPAWURFreq_VALUE,LPTIM1Freq_VALUE,LPTIM2Freq_VALUE,LPUART1Freq_VALUE,LSCOPinFreq_Value,LSI1_VALUE,LSI2_VALUE,LSI_VALUE,MCO1PinFreq_Value,RC64MPLLSource,RNGFreq_VALUE,RadioRfFreq_VALUE,SMPSFreq_Value,SPI1Freq_VALUE,SPI3Freq_VALUE,SRAMFreq_VALUE,SysCLKFreq_VALUE,TIMFreq_VALUE,USART1Freq_VALUE,USART2Freq_VALUE,USART3Freq_VALUE,WatchDogFreq_Value,subGHzFreq_VALUE
RCC.LPAWURFreq_VALUE=16000000
RCC.LPTIM1Freq_VALUE=16000000
RCC.LPTIM2Freq_VALUE=16000000
RCC.LPUART1Freq_VALUE=16000000
RCC.LSCOPinFreq_Value=32000
RCC.LSI1_VALUE=32000
RCC.LSI2_VALUE=32000
RCC.LSI_VALUE=32000
RCC.MCO1PinFreq_Value=16000000
RCC.RC64MPLLSource=RCC_LSCOSOURCE_PLL64
RCC.RNGFreq_VALUE=16000000
RCC.RadioRfFreq_VALUE=48000000
RCC.SMPSFreq_Value=4000000
RCC.SPI1Freq_VALUE=16000000
RCC.SPI3Freq_VALUE=16000000
RCC.SRAMFreq_VALUE=64000000
RCC.SysCLKFreq_VALUE=64000000
RCC.TIMFreq_VALUE=64000000
RCC.USART1Freq_VALUE=16000000
RCC.USART2Freq_VALUE=16000000
RCC.USART3Freq_VALUE=16000000
RCC.WatchDogFreq_Value=32768
RCC.subGHzFreq_VALUE=16000000
SH.GPXTI13.0=GPIO_EXTI13
SH.GPXTI13.ConfNb=1
SH.GPXTI15.0=GPIO_EXTI15
SH.GPXTI15.ConfNb=1
SH.GPXTI2.0=GPIO_EXTI2
SH.GPXTI2.ConfNb=1
SYS.userName=SYS_NS
TSC.CTPulseHighLength=TSC_CTPH_16CYCLES
TSC.CTPulseLowLength=TSC_CTPL_16CYCLES
TSC.ChannelIOs-G2_IO2=TSC_GROUP2_IO2
TSC.IPParameters=SamplingIOs-G2_IO3,ChannelIOs-G2_IO2,CTPulseHighLength,CTPulseLowLength,PulseGeneratorPrescaler,MaxCountValue
TSC.MaxCountValue=TSC_MCV_16383
TSC.PulseGeneratorPrescaler=TSC_PG_PRESC_DIV16
TSC.SamplingIOs-G2_IO3=TSC_GROUP2_IO3
USART1.IPParameters=VirtualMode-Asynchronous
USART1.VirtualMode-Asynchronous=VM_ASYNC
VP_COMP1_VS_DACOUT1.Mode=INM_DACOUT1
VP_COMP1_VS_DACOUT1.Signal=COMP1_VS_DACOUT1
VP_CORTEX_M33_NS_VS_Hclk.Mode=Hclk_Mode
VP_CORTEX_M33_NS_VS_Hclk.Signal=CORTEX_M33_NS_VS_Hclk
VP_CORTEX_M33_S_VS_Hclk.Mode=Hclk_Mode
VP_CORTEX_M33_S_VS_Hclk.Signal=CORTEX_M33_S_VS_Hclk
VP_DAC1_VS_DACI1.Mode=DAC_OUT1_Int
VP_DAC1_VS_DACI1.Signal=DAC1_VS_DACI1
VP_GTZC_S_VS_GTZC_Enable.Mode=GTZC_Enable
VP_GTZC_S_VS_GTZC_Enable.Signal=GTZC_S_VS_GTZC_Enable
VP_ICACHE_VS_ICACHE.Mode=DirectMappedCache
VP_ICACHE_VS_ICACHE.Signal=ICACHE_VS_ICACHE
VP_ICACHE_VS_SECURE_ICACHE_REG.Mode=ICACHE_REG_Not_Secured
VP_ICACHE_VS_SECURE_ICACHE_REG.Signal=ICACHE_VS_SECURE_ICACHE_REG
VP_LCSC_VS_LCSC.Mode=LCSC_Activate
VP_LCSC_VS_LCSC.Signal=LCSC_VS_LCSC
VP_PWR_VS_SECSignals.Mode=Security/Privilege
VP_PWR_VS_SECSignals.Signal=PWR_VS_SECSignals
VP_SYS_S_VS_Systick.Mode=SysTick
VP_SYS_S_VS_Systick.Signal=SYS_S_VS_Systick
VP_SYS_VS_Systick.Mode=SysTick
VP_SYS_VS_Systick.Signal=SYS_VS_Systick
board=STM32WL43E_DK
boardIOC=true
